{
  "name": "stylelint-config-prettier-scss",
  "version": "1.0.0",
  "lockfileVersion": 1,
  "requires": true,
  "dependencies": {
    "stylelint-config-prettier": {
      "version": "9.0.3",
      "resolved": "https://registry.npmjs.org/stylelint-config-prettier/-/stylelint-config-prettier-9.0.3.tgz",
      "integrity": "sha512-5n9gUDp/n5tTMCq1GLqSpA30w2sqWITSSEiAWQlpxkKGAUbjcemQ0nbkRvRUa0B1LgD3+hCvdL7B1eTxy1QHJg=="
    }
  }
}
